
Microsoft Visual Studio Solution File, Format Version 12.00
# Visual Studio 14
VisualStudioVersion = 14.0.25420.1
MinimumVisualStudioVersion = 10.0.40219.1
Project("{FAE04EC0-301F-11D3-BF4B-00C04F79EFBC}") = "STL.CSharp", "STL.CSharp.csproj", "{D7833B8E-0118-BDC1-FE23-BB402C1474D9}"
EndProject
Project("{FAE04EC0-301F-11D3-BF4B-00C04F79EFBC}") = "InterfacesNonePortable", "..\..\Code\Interfaces\Interfaces\InterfacesNonePortable.csproj", "{64FF52FB-DB8C-48EA-AF7A-FB7C347D78FD}"
EndProject
Global
	GlobalSection(SolutionConfigurationPlatforms) = preSolution
		Debug|Any CPU = Debug|Any CPU
		Release|Any CPU = Release|Any CPU
	EndGlobalSection
	GlobalSection(ProjectConfigurationPlatforms) = postSolution
		{D7833B8E-0118-BDC1-FE23-BB402C1474D9}.Debug|Any CPU.ActiveCfg = Debug|Any CPU
		{D7833B8E-0118-BDC1-FE23-BB402C1474D9}.Debug|Any CPU.Build.0 = Debug|Any CPU
		{D7833B8E-0118-BDC1-FE23-BB402C1474D9}.Release|Any CPU.ActiveCfg = Release|Any CPU
		{D7833B8E-0118-BDC1-FE23-BB402C1474D9}.Release|Any CPU.Build.0 = Release|Any CPU
		{64FF52FB-DB8C-48EA-AF7A-FB7C347D78FD}.Debug|Any CPU.ActiveCfg = Debug|Any CPU
		{64FF52FB-DB8C-48EA-AF7A-FB7C347D78FD}.Debug|Any CPU.Build.0 = Debug|Any CPU
		{64FF52FB-DB8C-48EA-AF7A-FB7C347D78FD}.Release|Any CPU.ActiveCfg = Release|Any CPU
		{64FF52FB-DB8C-48EA-AF7A-FB7C347D78FD}.Release|Any CPU.Build.0 = Release|Any CPU
	EndGlobalSection
	GlobalSection(SolutionProperties) = preSolution
		HideSolutionNode = FALSE
	EndGlobalSection
EndGlobal
